
Microsoft Visual Studio Solution File, Format Version 12.00
# Visual Studio 15
VisualStudioVersion = 15.0.28307.705
MinimumVisualStudioVersion = 10.0.40219.1
Project("{FAE04EC0-301F-11D3-BF4B-00C04F79EFBC}") = "SDP_prototype", "SDP_prototype\SDP_prototype.csproj", "{77114D12-5D27-4AE9-89BE-0AFE881EF4DD}"
EndProject
Global
	GlobalSection(SolutionConfigurationPlatforms) = preSolution
		Debug|Any CPU = Debug|Any CPU
		Release|Any CPU = Release|Any CPU
	EndGlobalSection
	GlobalSection(ProjectConfigurationPlatforms) = postSolution
		{77114D12-5D27-4AE9-89BE-0AFE881EF4DD}.Debug|Any CPU.ActiveCfg = Debug|Any CPU
		{77114D12-5D27-4AE9-89BE-0AFE881EF4DD}.Debug|Any CPU.Build.0 = Debug|Any CPU
		{77114D12-5D27-4AE9-89BE-0AFE881EF4DD}.Release|Any CPU.ActiveCfg = Release|Any CPU
		{77114D12-5D27-4AE9-89BE-0AFE881EF4DD}.Release|Any CPU.Build.0 = Release|Any CPU
	EndGlobalSection
	GlobalSection(SolutionProperties) = preSolution
		HideSolutionNode = FALSE
	EndGlobalSection
	GlobalSection(ExtensibilityGlobals) = postSolution
		SolutionGuid = {D1FE3F19-466B-43D0-BB0A-BE4671EE3973}
	EndGlobalSection
EndGlobal
